// !$*UTF8*$!
{
	archiveVersion = 1;
	classes = {
	};
	objectVersion = 46;
	objects = {

/* Begin PBXBuildFile section */
		B845E7ED1F318F3C0048E355 /* AppDelegate.swift in Sources */ = {isa = PBXBuildFile; fileRef = B845E7EC1F318F3C0048E355 /* AppDelegate.swift */; };
		B845E7EF1F318F3C0048E355 /* ViewController.swift in Sources */ = {isa = PBXBuildFile; fileRef = B845E7EE1F318F3C0048E355 /* ViewController.swift */; };
		B845E7F21F318F3C0048E355 /* Main.storyboard in Resources */ = {isa = PBXBuildFile; fileRef = B845E7F01F318F3C0048E355 /* Main.storyboard */; };
		B845E7F41F318F3C0048E355 /* Assets.xcassets in Resources */ = {isa = PBXBuildFile; fileRef = B845E7F31F318F3C0048E355 /* Assets.xcassets */; };
		B845E7F71F318F3C0048E355 /* LaunchScreen.storyboard in Resources */ = {isa = PBXBuildFile; fileRef = B845E7F51F318F3C0048E355 /* LaunchScreen.storyboard */; };
		B845E8021F318F3C0048E355 /* FriesOrNotTests.swift in Sources */ = {isa = PBXBuildFile; fileRef = B845E8011F318F3C0048E355 /* FriesOrNotTests.swift */; };
		B845E80D1F31A0060048E355 /* CustomVisionResult.swift in Sources */ = {isa = PBXBuildFile; fileRef = B845E80C1F31A0060048E355 /* CustomVisionResult.swift */; };
		B845E80F1F31A0570048E355 /* CustomVisionService.swift in Sources */ = {isa = PBXBuildFile; fileRef = B845E80E1F31A0570048E355 /* CustomVisionService.swift */; };
/* End PBXBuildFile section */

/* Begin PBXContainerItemProxy section */
		B845E7FE1F318F3C0048E355 /* PBXContainerItemProxy */ = {
			isa = PBXContainerItemProxy;
			containerPortal = B845E7E11F318F3C0048E355 /* Project object */;
			proxyType = 1;
			remoteGlobalIDString = B845E7E81F318F3C0048E355;
			remoteInfo = FriesOrNot;
		};
/* End PBXContainerItemProxy section */

/* Begin PBXFileReference section */
		B845E7E91F318F3C0048E355 /* FriesOrNot.app */ = {isa = PBXFileReference; explicitFileType = wrapper.application; includeInIndex = 0; path = FriesOrNot.app; sourceTree = BUILT_PRODUCTS_DIR; };
		B845E7EC1F318F3C0048E355 /* AppDelegate.swift */ = {isa = PBXFileReference; lastKnownFileType = sourcecode.swift; path = AppDelegate.swift; sourceTree = "<group>"; };
		B845E7EE1F318F3C0048E355 /* ViewController.swift */ = {isa = PBXFileReference; lastKnownFileType = sourcecode.swift; path = ViewController.swift; sourceTree = "<group>"; };
		B845E7F11F318F3C0048E355 /* Base */ = {isa = PBXFileReference; lastKnownFileType = file.storyboard; name = Base; path = Base.lproj/Main.storyboard; sourceTree = "<group>"; };
		B845E7F31F318F3C0048E355 /* Assets.xcassets */ = {isa = PBXFileReference; lastKnownFileType = folder.assetcatalog; path = Assets.xcassets; sourceTree = "<group>"; };
		B845E7F61F318F3C0048E355 /* Base */ = {isa = PBXFileReference; lastKnownFileType = file.storyboard; name = Base; path = Base.lproj/LaunchScreen.storyboard; sourceTree = "<group>"; };
		B845E7F81F318F3C0048E355 /* Info.plist */ = {isa = PBXFileReference; lastKnownFileType = text.plist.xml; path = Info.plist; sourceTree = "<group>"; };
		B845E7FD1F318F3C0048E355 /* FriesOrNotTests.xctest */ = {isa = PBXFileReference; explicitFileType = wrapper.cfbundle; includeInIndex = 0; path = FriesOrNotTests.xctest; sourceTree = BUILT_PRODUCTS_DIR; };
		B845E8011F318F3C0048E355 /* FriesOrNotTests.swift */ = {isa = PBXFileReference; lastKnownFileType = sourcecode.swift; path = FriesOrNotTests.swift; sourceTree = "<group>"; };
		B845E8031F318F3C0048E355 /* Info.plist */ = {isa = PBXFileReference; lastKnownFileType = text.plist.xml; path = Info.plist; sourceTree = "<group>"; };
		B845E80C1F31A0060048E355 /* CustomVisionResult.swift */ = {isa = PBXFileReference; fileEncoding = 4; lastKnownFileType = sourcecode.swift; path = CustomVisionResult.swift; sourceTree = "<group>"; };
		B845E80E1F31A0570048E355 /* CustomVisionService.swift */ = {isa = PBXFileReference; fileEncoding = 4; lastKnownFileType = sourcecode.swift; name = CustomVisionService.swift; path = ../CustomVisionService.swift; sourceTree = "<group>"; };
/* End PBXFileReference section */

/* Begin PBXFrameworksBuildPhase section */
		B845E7E61F318F3C0048E355 /* Frameworks */ = {
			isa = PBXFrameworksBuildPhase;
			buildActionMask = 2147483647;
			files = (
			);
			runOnlyForDeploymentPostprocessing = 0;
		};
		B845E7FA1F318F3C0048E355 /* Frameworks */ = {
			isa = PBXFrameworksBuildPhase;
			buildActionMask = 2147483647;
			files = (
			);
			runOnlyForDeploymentPostprocessing = 0;
		};
/* End PBXFrameworksBuildPhase section */

/* Begin PBXGroup section */
		B845E7E01F318F3C0048E355 = {
			isa = PBXGroup;
			children = (
				B845E7EB1F318F3C0048E355 /* FriesOrNot */,
				B845E8001F318F3C0048E355 /* FriesOrNotTests */,
				B845E7EA1F318F3C0048E355 /* Products */,
			);
			sourceTree = "<group>";
		};
		B845E7EA1F318F3C0048E355 /* Products */ = {
			isa = PBXGroup;
			children = (
				B845E7E91F318F3C0048E355 /* FriesOrNot.app */,
				B845E7FD1F318F3C0048E355 /* FriesOrNotTests.xctest */,
			);
			name = Products;
			sourceTree = "<group>";
		};
		B845E7EB1F318F3C0048E355 /* FriesOrNot */ = {
			isa = PBXGroup;
			children = (
				B845E80E1F31A0570048E355 /* CustomVisionService.swift */,
				B845E7EC1F318F3C0048E355 /* AppDelegate.swift */,
				B845E7EE1F318F3C0048E355 /* ViewController.swift */,
				B845E7F01F318F3C0048E355 /* Main.storyboard */,
				B845E7F31F318F3C0048E355 /* Assets.xcassets */,
				B845E7F51F318F3C0048E355 /* LaunchScreen.storyboard */,
				B845E7F81F318F3C0048E355 /* Info.plist */,
				B845E80C1F31A0060048E355 /* CustomVisionResult.swift */,
			);
			path = FriesOrNot;
			sourceTree = "<group>";
		};
		B845E8001F318F3C0048E355 /* FriesOrNotTests */ = {
			isa = PBXGroup;
			children = (
				B845E8011F318F3C0048E355 /* FriesOrNotTests.swift */,
				B845E8031F318F3C0048E355 /* Info.plist */,
			);
			path = FriesOrNotTests;
			sourceTree = "<group>";
		};
/* End PBXGroup section */

/* Begin PBXNativeTarget section */
		B845E7E81F318F3C0048E355 /* FriesOrNot */ = {
			isa = PBXNativeTarget;
			buildConfigurationList = B845E8061F318F3C0048E355 /* Build configuration list for PBXNativeTarget "FriesOrNot" */;
			buildPhases = (
				B845E7E51F318F3C0048E355 /* Sources */,
				B845E7E61F318F3C0048E355 /* Frameworks */,
				B845E7E71F318F3C0048E355 /* Resources */,
			);
			buildRules = (
			);
			dependencies = (
			);
			name = FriesOrNot;
			productName = FriesOrNot;
			productReference = B845E7E91F318F3C0048E355 /* FriesOrNot.app */;
			productType = "com.apple.product-type.application";
		};
		B845E7FC1F318F3C0048E355 /* FriesOrNotTests */ = {
			isa = PBXNativeTarget;
			buildConfigurationList = B845E8091F318F3C0048E355 /* Build configuration list for PBXNativeTarget "FriesOrNotTests" */;
			buildPhases = (
				B845E7F91F318F3C0048E355 /* Sources */,
				B845E7FA1F318F3C0048E355 /* Frameworks */,
				B845E7FB1F318F3C0048E355 /* Resources */,
			);
			buildRules = (
			);
			dependencies = (
				B845E7FF1F318F3C0048E355 /* PBXTargetDependency */,
			);
			name = FriesOrNotTests;
			productName = FriesOrNotTests;
			productReference = B845E7FD1F318F3C0048E355 /* FriesOrNotTests.xctest */;
			productType = "com.apple.product-type.bundle.unit-test";
		};
/* End PBXNativeTarget section */

/* Begin PBXProject section */
		B845E7E11F318F3C0048E355 /* Project object */ = {
			isa = PBXProject;
			attributes = {
				LastSwiftUpdateCheck = 0830;
				LastUpgradeCheck = 0830;
				ORGANIZATIONNAME = "Sabrina Smai";
				TargetAttributes = {
					B845E7E81F318F3C0048E355 = {
						CreatedOnToolsVersion = 8.3.3;
						DevelopmentTeam = B2EA5JR3X6;
						ProvisioningStyle = Automatic;
					};
					B845E7FC1F318F3C0048E355 = {
						CreatedOnToolsVersion = 8.3.3;
						ProvisioningStyle = Automatic;
						TestTargetID = B845E7E81F318F3C0048E355;
					};
				};
			};
			buildConfigurationList = B845E7E41F318F3C0048E355 /* Build configuration list for PBXProject "FriesOrNot" */;
			compatibilityVersion = "Xcode 3.2";
			developmentRegion = English;
			hasScannedForEncodings = 0;
			knownRegions = (
				en,
				Base,
			);
			mainGroup = B845E7E01F318F3C0048E355;
			productRefGroup = B845E7EA1F318F3C0048E355 /* Products */;
			projectDirPath = "";
			projectRoot = "";
			targets = (
				B845E7E81F318F3C0048E355 /* FriesOrNot */,
				B845E7FC1F318F3C0048E355 /* FriesOrNotTests */,
			);
		};
/* End PBXProject section */

/* Begin PBXResourcesBuildPhase section */
		B845E7E71F318F3C0048E355 /* Resources */ = {
			isa = PBXResourcesBuildPhase;
			buildActionMask = 2147483647;
			files = (
				B845E7F71F318F3C0048E355 /* LaunchScreen.storyboard in Resources */,
				B845E7F41F318F3C0048E355 /* Assets.xcassets in Resources */,
				B845E7F21F318F3C0048E355 /* Main.storyboard in Resources */,
			);
			runOnlyForDeploymentPostprocessing = 0;
		};
		B845E7FB1F318F3C0048E355 /* Resources */ = {
			isa = PBXResourcesBuildPhase;
			buildActionMask = 2147483647;
			files = (
			);
			runOnlyForDeploymentPostprocessing = 0;
		};
/* End PBXResourcesBuildPhase section */

/* Begin PBXSourcesBuildPhase section */
		B845E7E51F318F3C0048E355 /* Sources */ = {
			isa = PBXSourcesBuildPhase;
			buildActionMask = 2147483647;
			files = (
				B845E80F1F31A0570048E355 /* CustomVisionService.swift in Sources */,
				B845E80D1F31A0060048E355 /* CustomVisionResult.swift in Sources */,
				B845E7EF1F318F3C0048E355 /* ViewController.swift in Sources */,
				B845E7ED1F318F3C0048E355 /* AppDelegate.swift in Sources */,
			);
			runOnlyForDeploymentPostprocessing = 0;
		};
		B845E7F91F318F3C0048E355 /* Sources */ = {
			isa = PBXSourcesBuildPhase;
			buildActionMask = 2147483647;
			files = (
				B845E8021F318F3C0048E355 /* FriesOrNotTests.swift in Sources */,
			);
			runOnlyForDeploymentPostprocessing = 0;
		};
/* End PBXSourcesBuildPhase section */

/* Begin PBXTargetDependency section */
		B845E7FF1F318F3C0048E355 /* PBXTargetDependency */ = {
			isa = PBXTargetDependency;
			target = B845E7E81F318F3C0048E355 /* FriesOrNot */;
			targetProxy = B845E7FE1F318F3C0048E355 /* PBXContainerItemProxy */;
		};
/* End PBXTargetDependency section */

/* Begin PBXVariantGroup section */
		B845E7F01F318F3C0048E355 /* Main.storyboard */ = {
			isa = PBXVariantGroup;
			children = (
				B845E7F11F318F3C0048E355 /* Base */,
			);
			name = Main.storyboard;
			sourceTree = "<group>";
		};
		B845E7F51F318F3C0048E355 /* LaunchScreen.storyboard */ = {
			isa = PBXVariantGroup;
			children = (
				B845E7F61F318F3C0048E355 /* Base */,
			);
			name = LaunchScreen.storyboard;
			sourceTree = "<group>";
		};
/* End PBXVariantGroup section */

/* Begin XCBuildConfiguration section */
		B845E8041F318F3C0048E355 /* Debug */ = {
			isa = XCBuildConfiguration;
			buildSettings = {
				ALWAYS_SEARCH_USER_PATHS = NO;
				CLANG_ANALYZER_NONNULL = YES;
				CLANG_ANALYZER_NUMBER_OBJECT_CONVERSION = YES_AGGRESSIVE;
				CLANG_CXX_LANGUAGE_STANDARD = "gnu++0x";
				CLANG_CXX_LIBRARY = "libc++";
				CLANG_ENABLE_MODULES = YES;
				CLANG_ENABLE_OBJC_ARC = YES;
				CLANG_WARN_BOOL_CONVERSION = YES;
				CLANG_WARN_CONSTANT_CONVERSION = YES;
				CLANG_WARN_DIRECT_OBJC_ISA_USAGE = YES_ERROR;
				CLANG_WARN_DOCUMENTATION_COMMENTS = YES;
				CLANG_WARN_EMPTY_BODY = YES;
				CLANG_WARN_ENUM_CONVERSION = YES;
				CLANG_WARN_INFINITE_RECURSION = YES;
				CLANG_WARN_INT_CONVERSION = YES;
				CLANG_WARN_OBJC_ROOT_CLASS = YES_ERROR;
				CLANG_WARN_SUSPICIOUS_MOVE = YES;
				CLANG_WARN_UNREACHABLE_CODE = YES;
				CLANG_WARN__DUPLICATE_METHOD_MATCH = YES;
				"CODE_SIGN_IDENTITY[sdk=iphoneos*]" = "iPhone Developer";
				COPY_PHASE_STRIP = NO;
				DEBUG_INFORMATION_FORMAT = dwarf;
				ENABLE_STRICT_OBJC_MSGSEND = YES;
				ENABLE_TESTABILITY = YES;
				GCC_C_LANGUAGE_STANDARD = gnu99;
				GCC_DYNAMIC_NO_PIC = NO;
				GCC_NO_COMMON_BLOCKS = YES;
				GCC_OPTIMIZATION_LEVEL = 0;
				GCC_PREPROCESSOR_DEFINITIONS = (
					"DEBUG=1",
					"$(inherited)",
				);
				GCC_WARN_64_TO_32_BIT_CONVERSION = YES;
				GCC_WARN_ABOUT_RETURN_TYPE = YES_ERROR;
				GCC_WARN_UNDECLARED_SELECTOR = YES;
				GCC_WARN_UNINITIALIZED_AUTOS = YES_AGGRESSIVE;
				GCC_WARN_UNUSED_FUNCTION = YES;
				GCC_WARN_UNUSED_VARIABLE = YES;
				IPHONEOS_DEPLOYMENT_TARGET = 10.3;
				MTL_ENABLE_DEBUG_INFO = YES;
				ONLY_ACTIVE_ARCH = YES;
				SDKROOT = iphoneos;
				SWIFT_ACTIVE_COMPILATION_CONDITIONS = DEBUG;
				SWIFT_OPTIMIZATION_LEVEL = "-Onone";
				TARGETED_DEVICE_FAMILY = "1,2";
			};
			name = Debug;
		};
		B845E8051F318F3C0048E355 /* Release */ = {
			isa = XCBuildConfiguration;
			buildSettings = {
				ALWAYS_SEARCH_USER_PATHS = NO;
				CLANG_ANALYZER_NONNULL = YES;
				CLANG_ANALYZER_NUMBER_OBJECT_CONVERSION = YES_AGGRESSIVE;
				CLANG_CXX_LANGUAGE_STANDARD = "gnu++0x";
				CLANG_CXX_LIBRARY = "libc++";
				CLANG_ENABLE_MODULES = YES;
				CLANG_ENABLE_OBJC_ARC = YES;
				CLANG_WARN_BOOL_CONVERSION = YES;
				CLANG_WARN_CONSTANT_CONVERSION = YES;
				CLANG_WARN_DIRECT_OBJC_ISA_USAGE = YES_ERROR;
				CLANG_WARN_DOCUMENTATION_COMMENTS = YES;
				CLANG_WARN_EMPTY_BODY = YES;
				CLANG_WARN_ENUM_CONVERSION = YES;
				CLANG_WARN_INFINITE_RECURSION = YES;
				CLANG_WARN_INT_CONVERSION = YES;
				CLANG_WARN_OBJC_ROOT_CLASS = YES_ERROR;
				CLANG_WARN_SUSPICIOUS_MOVE = YES;
				CLANG_WARN_UNREACHABLE_CODE = YES;
				CLANG_WARN__DUPLICATE_METHOD_MATCH = YES;
				"CODE_SIGN_IDENTITY[sdk=iphoneos*]" = "iPhone Developer";
				COPY_PHASE_STRIP = NO;
				DEBUG_INFORMATION_FORMAT = "dwarf-with-dsym";
				ENABLE_NS_ASSERTIONS = NO;
				ENABLE_STRICT_OBJC_MSGSEND = YES;
				GCC_C_LANGUAGE_STANDARD = gnu99;
				GCC_NO_COMMON_BLOCKS = YES;
				GCC_WARN_64_TO_32_BIT_CONVERSION = YES;
				GCC_WARN_ABOUT_RETURN_TYPE = YES_ERROR;
				GCC_WARN_UNDECLARED_SELECTOR = YES;
				GCC_WARN_UNINITIALIZED_AUTOS = YES_AGGRESSIVE;
				GCC_WARN_UNUSED_FUNCTION = YES;
				GCC_WARN_UNUSED_VARIABLE = YES;
				IPHONEOS_DEPLOYMENT_TARGET = 10.3;
				MTL_ENABLE_DEBUG_INFO = NO;
				SDKROOT = iphoneos;
				SWIFT_OPTIMIZATION_LEVEL = "-Owholemodule";
				TARGETED_DEVICE_FAMILY = "1,2";
				VALIDATE_PRODUCT = YES;
			};
			name = Release;
		};
		B845E8071F318F3C0048E355 /* Debug */ = {
			isa = XCBuildConfiguration;
			buildSettings = {
				ASSETCATALOG_COMPILER_APPICON_NAME = AppIcon;
				DEVELOPMENT_TEAM = B2EA5JR3X6;
				INFOPLIST_FILE = FriesOrNot/Info.plist;
				LD_RUNPATH_SEARCH_PATHS = "$(inherited) @executable_path/Frameworks";
				PRODUCT_BUNDLE_IDENTIFIER = com.sabrinasmai.FriesOrNot;
				PRODUCT_NAME = "$(TARGET_NAME)";
				SWIFT_VERSION = 3.0;
			};
			name = Debug;
		};
		B845E8081F318F3C0048E355 /* Release */ = {
			isa = XCBuildConfiguration;
			buildSettings = {
				ASSETCATALOG_COMPILER_APPICON_NAME = AppIcon;
				DEVELOPMENT_TEAM = B2EA5JR3X6;
				INFOPLIST_FILE = FriesOrNot/Info.plist;
				LD_RUNPATH_SEARCH_PATHS = "$(inherited) @executable_path/Frameworks";
				PRODUCT_BUNDLE_IDENTIFIER = com.sabrinasmai.FriesOrNot;
				PRODUCT_NAME = "$(TARGET_NAME)";
				SWIFT_VERSION = 3.0;
			};
			name = Release;
		};
		B845E80A1F318F3C0048E355 /* Debug */ = {
			isa = XCBuildConfiguration;
			buildSettings = {
				ALWAYS_EMBED_SWIFT_STANDARD_LIBRARIES = YES;
				BUNDLE_LOADER = "$(TEST_HOST)";
				INFOPLIST_FILE = FriesOrNotTests/Info.plist;
				LD_RUNPATH_SEARCH_PATHS = "$(inherited) @executable_path/Frameworks @loader_path/Frameworks";
				PRODUCT_BUNDLE_IDENTIFIER = come.sabrinasmai.FriesOrNotTests;
				PRODUCT_NAME = "$(TARGET_NAME)";
				SWIFT_VERSION = 3.0;
				TEST_HOST = "$(BUILT_PRODUCTS_DIR)/FriesOrNot.app/FriesOrNot";
			};
			name = Debug;
		};
		B845E80B1F318F3C0048E355 /* Release */ = {
			isa = XCBuildConfiguration;
			buildSettings = {
				ALWAYS_EMBED_SWIFT_STANDARD_LIBRARIES = YES;
				BUNDLE_LOADER = "$(TEST_HOST)";
				INFOPLIST_FILE = FriesOrNotTests/Info.plist;
				LD_RUNPATH_SEARCH_PATHS = "$(inherited) @executable_path/Frameworks @loader_path/Frameworks";
				PRODUCT_BUNDLE_IDENTIFIER = come.sabrinasmai.FriesOrNotTests;
				PRODUCT_NAME = "$(TARGET_NAME)";
				SWIFT_VERSION = 3.0;
				TEST_HOST = "$(BUILT_PRODUCTS_DIR)/FriesOrNot.app/FriesOrNot";
			};
			name = Release;
		};
/* End XCBuildConfiguration section */

/* Begin XCConfigurationList section */
		B845E7E41F318F3C0048E355 /* Build configuration list for PBXProject "FriesOrNot" */ = {
			isa = XCConfigurationList;
			buildConfigurations = (
				B845E8041F318F3C0048E355 /* Debug */,
				B845E8051F318F3C0048E355 /* Release */,
			);
			defaultConfigurationIsVisible = 0;
			defaultConfigurationName = Release;
		};
		B845E8061F318F3C0048E355 /* Build configuration list for PBXNativeTarget "FriesOrNot" */ = {
			isa = XCConfigurationList;
			buildConfigurations = (
				B845E8071F318F3C0048E355 /* Debug */,
				B845E8081F318F3C0048E355 /* Release */,
			);
			defaultConfigurationIsVisible = 0;
		};
		B845E8091F318F3C0048E355 /* Build configuration list for PBXNativeTarget "FriesOrNotTests" */ = {
			isa = XCConfigurationList;
			buildConfigurations = (
				B845E80A1F318F3C0048E355 /* Debug */,
				B845E80B1F318F3C0048E355 /* Release */,
			);
			defaultConfigurationIsVisible = 0;
		};
/* End XCConfigurationList section */
	};
	rootObject = B845E7E11F318F3C0048E355 /* Project object */;
}
